
Microsoft Visual Studio Solution File, Format Version 12.00
# Visual Studio Version 16
VisualStudioVersion = 16.0.29709.97
MinimumVisualStudioVersion = 10.0.40219.1
Project("{FAE04EC0-301F-11D3-BF4B-00C04F79EFBC}") = "hosts-manager", "hosts-manager\hosts-manager.csproj", "{036D36E9-2B2D-4947-90C4-070E55C61C5D}"
EndProject
Global
	GlobalSection(SolutionConfigurationPlatforms) = preSolution
		Debug|Any CPU = Debug|Any CPU
		Release|Any CPU = Release|Any CPU
	EndGlobalSection
	GlobalSection(ProjectConfigurationPlatforms) = postSolution
		{036D36E9-2B2D-4947-90C4-070E55C61C5D}.Debug|Any CPU.ActiveCfg = Debug|Any CPU
		{036D36E9-2B2D-4947-90C4-070E55C61C5D}.Debug|Any CPU.Build.0 = Debug|Any CPU
		{036D36E9-2B2D-4947-90C4-070E55C61C5D}.Release|Any CPU.ActiveCfg = Release|Any CPU
		{036D36E9-2B2D-4947-90C4-070E55C61C5D}.Release|Any CPU.Build.0 = Release|Any CPU
	EndGlobalSection
	GlobalSection(SolutionProperties) = preSolution
		HideSolutionNode = FALSE
	EndGlobalSection
	GlobalSection(ExtensibilityGlobals) = postSolution
		SolutionGuid = {CAFAB2C6-3DE4-4D13-96AE-4AE9D18513EB}
	EndGlobalSection
EndGlobal
